
Microsoft Visual Studio Solution File, Format Version 12.00
# Visual Studio Version 16
VisualStudioVersion = 16.0.31729.503
MinimumVisualStudioVersion = 10.0.40219.1
Project("{FAE04EC0-301F-11D3-BF4B-00C04F79EFBC}") = "async_await", "async_await.csproj", "{6CDC039B-0E76-459B-8681-1267B3242FB7}"
EndProject
Global
	GlobalSection(SolutionConfigurationPlatforms) = preSolution
		Debug|Any CPU = Debug|Any CPU
		Release|Any CPU = Release|Any CPU
	EndGlobalSection
	GlobalSection(ProjectConfigurationPlatforms) = postSolution
		{6CDC039B-0E76-459B-8681-1267B3242FB7}.Debug|Any CPU.ActiveCfg = Debug|Any CPU
		{6CDC039B-0E76-459B-8681-1267B3242FB7}.Debug|Any CPU.Build.0 = Debug|Any CPU
		{6CDC039B-0E76-459B-8681-1267B3242FB7}.Release|Any CPU.ActiveCfg = Release|Any CPU
		{6CDC039B-0E76-459B-8681-1267B3242FB7}.Release|Any CPU.Build.0 = Release|Any CPU
	EndGlobalSection
	GlobalSection(SolutionProperties) = preSolution
		HideSolutionNode = FALSE
	EndGlobalSection
	GlobalSection(ExtensibilityGlobals) = postSolution
		SolutionGuid = {435B1814-21A3-44D0-B9BD-5CF66E8CBBF8}
	EndGlobalSection
EndGlobal
